
Microsoft Visual Studio Solution File, Format Version 12.00
# Visual Studio Version 16
VisualStudioVersion = 16.0.30717.126
MinimumVisualStudioVersion = 10.0.40219.1
Project("{FAE04EC0-301F-11D3-BF4B-00C04F79EFBC}") = "Main", "source\Main\Main.csproj", "{3C64D620-BED8-4BE5-9299-EB60DB904EB1}"
EndProject
Project("{FAE04EC0-301F-11D3-BF4B-00C04F79EFBC}") = "SIcart", "source\SIcart\SIcart.csproj", "{287036B6-AB59-47DE-8864-2B8671634C0B}"
EndProject
Project("{FAE04EC0-301F-11D3-BF4B-00C04F79EFBC}") = "SImanager", "source\SImanager\SImanager.csproj", "{AF55247D-0F4C-43A3-81CD-8C99CA601996}"
EndProject
Global
	GlobalSection(SolutionConfigurationPlatforms) = preSolution
		Debug|Any CPU = Debug|Any CPU
		Release|Any CPU = Release|Any CPU
	EndGlobalSection
	GlobalSection(ProjectConfigurationPlatforms) = postSolution
		{3C64D620-BED8-4BE5-9299-EB60DB904EB1}.Debug|Any CPU.ActiveCfg = Debug|Any CPU
		{3C64D620-BED8-4BE5-9299-EB60DB904EB1}.Debug|Any CPU.Build.0 = Debug|Any CPU
		{3C64D620-BED8-4BE5-9299-EB60DB904EB1}.Release|Any CPU.ActiveCfg = Release|Any CPU
		{3C64D620-BED8-4BE5-9299-EB60DB904EB1}.Release|Any CPU.Build.0 = Release|Any CPU
		{287036B6-AB59-47DE-8864-2B8671634C0B}.Debug|Any CPU.ActiveCfg = Debug|Any CPU
		{287036B6-AB59-47DE-8864-2B8671634C0B}.Debug|Any CPU.Build.0 = Debug|Any CPU
		{287036B6-AB59-47DE-8864-2B8671634C0B}.Release|Any CPU.ActiveCfg = Release|Any CPU
		{287036B6-AB59-47DE-8864-2B8671634C0B}.Release|Any CPU.Build.0 = Release|Any CPU
		{AF55247D-0F4C-43A3-81CD-8C99CA601996}.Debug|Any CPU.ActiveCfg = Debug|Any CPU
		{AF55247D-0F4C-43A3-81CD-8C99CA601996}.Debug|Any CPU.Build.0 = Debug|Any CPU
		{AF55247D-0F4C-43A3-81CD-8C99CA601996}.Release|Any CPU.ActiveCfg = Release|Any CPU
		{AF55247D-0F4C-43A3-81CD-8C99CA601996}.Release|Any CPU.Build.0 = Release|Any CPU
	EndGlobalSection
	GlobalSection(SolutionProperties) = preSolution
		HideSolutionNode = FALSE
	EndGlobalSection
	GlobalSection(ExtensibilityGlobals) = postSolution
		SolutionGuid = {A487D144-D22C-4ADB-A0C8-5D6AC70267FF}
	EndGlobalSection
EndGlobal
